
Microsoft Visual Studio Solution File, Format Version 12.00
# Visual Studio Version 17
VisualStudioVersion = 17.2.32616.157
MinimumVisualStudioVersion = 10.0.40219.1
Project("{FAE04EC0-301F-11D3-BF4B-00C04F79EFBC}") = "TodoAzureFunctionApp", "TodoAzureFunctionApp\TodoAzureFunctionApp.csproj", "{81F24140-167A-448A-BCF8-BC95D4CEF000}"
EndProject
Global
	GlobalSection(SolutionConfigurationPlatforms) = preSolution
		Debug|Any CPU = Debug|Any CPU
		Release|Any CPU = Release|Any CPU
	EndGlobalSection
	GlobalSection(ProjectConfigurationPlatforms) = postSolution
		{81F24140-167A-448A-BCF8-BC95D4CEF000}.Debug|Any CPU.ActiveCfg = Debug|Any CPU
		{81F24140-167A-448A-BCF8-BC95D4CEF000}.Debug|Any CPU.Build.0 = Debug|Any CPU
		{81F24140-167A-448A-BCF8-BC95D4CEF000}.Release|Any CPU.ActiveCfg = Release|Any CPU
		{81F24140-167A-448A-BCF8-BC95D4CEF000}.Release|Any CPU.Build.0 = Release|Any CPU
	EndGlobalSection
	GlobalSection(SolutionProperties) = preSolution
		HideSolutionNode = FALSE
	EndGlobalSection
	GlobalSection(ExtensibilityGlobals) = postSolution
		SolutionGuid = {BA3F876F-77C8-4694-A932-109DA70B4EA2}
	EndGlobalSection
EndGlobal
