
Microsoft Visual Studio Solution File, Format Version 12.00
# Visual Studio Version 17
VisualStudioVersion = 17.5.001.0
MinimumVisualStudioVersion = 10.0.40219.1
Project("{9A19103F-16F7-4668-BE54-9A1E7A4F7556}") = "order", "order.csproj", "{65DA516F-FC12-4F71-B2D5-9BCCEF3A3142}"
EndProject
Global
	GlobalSection(SolutionConfigurationPlatforms) = preSolution
		Debug|Any CPU = Debug|Any CPU
		Release|Any CPU = Release|Any CPU
	EndGlobalSection
	GlobalSection(ProjectConfigurationPlatforms) = postSolution
		{65DA516F-FC12-4F71-B2D5-9BCCEF3A3142}.Debug|Any CPU.ActiveCfg = Debug|Any CPU
		{65DA516F-FC12-4F71-B2D5-9BCCEF3A3142}.Debug|Any CPU.Build.0 = Debug|Any CPU
		{65DA516F-FC12-4F71-B2D5-9BCCEF3A3142}.Release|Any CPU.ActiveCfg = Release|Any CPU
		{65DA516F-FC12-4F71-B2D5-9BCCEF3A3142}.Release|Any CPU.Build.0 = Release|Any CPU
	EndGlobalSection
	GlobalSection(SolutionProperties) = preSolution
		HideSolutionNode = FALSE
	EndGlobalSection
	GlobalSection(ExtensibilityGlobals) = postSolution
		SolutionGuid = {3882CF5B-630B-4C4A-9EF0-CBD9F2A46374}
	EndGlobalSection
EndGlobal
